<?xml version="1.0" encoding="UTF-8"?>
<CodeBlocks_project_file>
	<FileVersion major="1" minor="6"/>
	<Project>
		<Option title="SchizoMania_Shared"/>
		<Option makefile_is_custom="1"/>
		<Option compiler="gcc"/>
		<Option virtualFolders="CMake Files\;CMake Files\..\;CMake Files\..\cmake\;CMake Files\enet\;CMake Files\shared\;CMake Files\shared\entities\;CMake Files\game\;CMake Files\engine\;"/>
		<Build>
			<Target title="all">
				<Option working_dir="/home/watisdeze/Dev/Projects/Clones/ScMa_/build-src-CMake-Default/shared"/>
				<Option type="4"/>
				<MakeCommands>
					<Build command="/usr/bin/make -j2 -f &quot;/home/watisdeze/Dev/Projects/Clones/ScMa_/build-src-CMake-Default/shared/Makefile&quot;  VERBOSE=1 all"/>
					<CompileFile command="/usr/bin/make -j2 -f &quot;/home/watisdeze/Dev/Projects/Clones/ScMa_/build-src-CMake-Default/shared/Makefile&quot;  VERBOSE=1 &quot;$file&quot;"/>
					<Clean command="/usr/bin/make -j2 -f &quot;/home/watisdeze/Dev/Projects/Clones/ScMa_/build-src-CMake-Default/shared/Makefile&quot;  VERBOSE=1 clean"/>
					<DistClean command="/usr/bin/make -j2 -f &quot;/home/watisdeze/Dev/Projects/Clones/ScMa_/build-src-CMake-Default/shared/Makefile&quot;  VERBOSE=1 clean"/>
				</MakeCommands>
			</Target>
			<Target title="SchizoMania_Shared_Client">
				<Option output="/home/watisdeze/Dev/Projects/Clones/ScMa_/build-src-CMake-Default/shared/libSchizoMania_Shared_Client.a" prefix_auto="0" extension_auto="0"/>
				<Option working_dir="/home/watisdeze/Dev/Projects/Clones/ScMa_/build-src-CMake-Default/shared"/>
				<Option object_output="./"/>
				<Option type="2"/>
				<Option compiler="gcc"/>
				<Compiler>
					<Add option="-DGL_SILENCE_DEPRECATION"/>
					<Add directory="/home/watisdeze/Dev/Projects/Clones/ScMa_/src"/>
					<Add directory="/usr/include/SDL2"/>
					<Add directory="/usr/include/freetype2"/>
					<Add directory="/home/watisdeze/Dev/Projects/Clones/ScMa_/src/shared/shared"/>
					<Add directory="/home/watisdeze/Dev/Projects/Clones/ScMa_/src/shared/../engine"/>
					<Add directory="/home/watisdeze/Dev/Projects/Clones/ScMa_/src/shared/../game"/>
					<Add directory="/home/watisdeze/Dev/Projects/Clones/ScMa_/src/shared/../game/entities"/>
					<Add directory="/home/watisdeze/Dev/Projects/Clones/ScMa_/src/shared/entities"/>
					<Add directory="/home/watisdeze/Dev/Projects/Clones/ScMa_/src/enet/include"/>
					<Add directory="/usr/include/c++/7"/>
					<Add directory="/usr/include/x86_64-linux-gnu/c++/7"/>
					<Add directory="/usr/include/c++/7/backward"/>
					<Add directory="/usr/lib/gcc/x86_64-linux-gnu/7/include"/>
					<Add directory="/usr/local/include"/>
					<Add directory="/usr/lib/gcc/x86_64-linux-gnu/7/include-fixed"/>
					<Add directory="/usr/include/x86_64-linux-gnu"/>
					<Add directory="/usr/include"/>
				</Compiler>
				<MakeCommands>
					<Build command="/usr/bin/make -j2 -f &quot;/home/watisdeze/Dev/Projects/Clones/ScMa_/build-src-CMake-Default/shared/Makefile&quot;  VERBOSE=1 SchizoMania_Shared_Client"/>
					<CompileFile command="/usr/bin/make -j2 -f &quot;/home/watisdeze/Dev/Projects/Clones/ScMa_/build-src-CMake-Default/shared/Makefile&quot;  VERBOSE=1 &quot;$file&quot;"/>
					<Clean command="/usr/bin/make -j2 -f &quot;/home/watisdeze/Dev/Projects/Clones/ScMa_/build-src-CMake-Default/shared/Makefile&quot;  VERBOSE=1 clean"/>
					<DistClean command="/usr/bin/make -j2 -f &quot;/home/watisdeze/Dev/Projects/Clones/ScMa_/build-src-CMake-Default/shared/Makefile&quot;  VERBOSE=1 clean"/>
				</MakeCommands>
			</Target>
			<Target title="SchizoMania_Shared_Client/fast">
				<Option output="/home/watisdeze/Dev/Projects/Clones/ScMa_/build-src-CMake-Default/shared/libSchizoMania_Shared_Client.a" prefix_auto="0" extension_auto="0"/>
				<Option working_dir="/home/watisdeze/Dev/Projects/Clones/ScMa_/build-src-CMake-Default/shared"/>
				<Option object_output="./"/>
				<Option type="2"/>
				<Option compiler="gcc"/>
				<Compiler>
					<Add option="-DGL_SILENCE_DEPRECATION"/>
					<Add directory="/home/watisdeze/Dev/Projects/Clones/ScMa_/src"/>
					<Add directory="/usr/include/SDL2"/>
					<Add directory="/usr/include/freetype2"/>
					<Add directory="/home/watisdeze/Dev/Projects/Clones/ScMa_/src/shared/shared"/>
					<Add directory="/home/watisdeze/Dev/Projects/Clones/ScMa_/src/shared/../engine"/>
					<Add directory="/home/watisdeze/Dev/Projects/Clones/ScMa_/src/shared/../game"/>
					<Add directory="/home/watisdeze/Dev/Projects/Clones/ScMa_/src/shared/../game/entities"/>
					<Add directory="/home/watisdeze/Dev/Projects/Clones/ScMa_/src/shared/entities"/>
					<Add directory="/home/watisdeze/Dev/Projects/Clones/ScMa_/src/enet/include"/>
					<Add directory="/usr/include/c++/7"/>
					<Add directory="/usr/include/x86_64-linux-gnu/c++/7"/>
					<Add directory="/usr/include/c++/7/backward"/>
					<Add directory="/usr/lib/gcc/x86_64-linux-gnu/7/include"/>
					<Add directory="/usr/local/include"/>
					<Add directory="/usr/lib/gcc/x86_64-linux-gnu/7/include-fixed"/>
					<Add directory="/usr/include/x86_64-linux-gnu"/>
					<Add directory="/usr/include"/>
				</Compiler>
				<MakeCommands>
					<Build command="/usr/bin/make -j2 -f &quot;/home/watisdeze/Dev/Projects/Clones/ScMa_/build-src-CMake-Default/shared/Makefile&quot;  VERBOSE=1 SchizoMania_Shared_Client/fast"/>
					<CompileFile command="/usr/bin/make -j2 -f &quot;/home/watisdeze/Dev/Projects/Clones/ScMa_/build-src-CMake-Default/shared/Makefile&quot;  VERBOSE=1 &quot;$file&quot;"/>
					<Clean command="/usr/bin/make -j2 -f &quot;/home/watisdeze/Dev/Projects/Clones/ScMa_/build-src-CMake-Default/shared/Makefile&quot;  VERBOSE=1 clean"/>
					<DistClean command="/usr/bin/make -j2 -f &quot;/home/watisdeze/Dev/Projects/Clones/ScMa_/build-src-CMake-Default/shared/Makefile&quot;  VERBOSE=1 clean"/>
				</MakeCommands>
			</Target>
			<Target title="SchizoMania_Shared_Entities">
				<Option output="/home/watisdeze/Dev/Projects/Clones/ScMa_/build-src-CMake-Default/shared/entities/libSchizoMania_Shared_Entities.a" prefix_auto="0" extension_auto="0"/>
				<Option working_dir="/home/watisdeze/Dev/Projects/Clones/ScMa_/build-src-CMake-Default/shared/entities"/>
				<Option object_output="./"/>
				<Option type="2"/>
				<Option compiler="gcc"/>
				<Compiler>
					<Add option="-DGL_SILENCE_DEPRECATION"/>
					<Add directory="/home/watisdeze/Dev/Projects/Clones/ScMa_/src"/>
					<Add directory="/usr/include/SDL2"/>
					<Add directory="/usr/include/freetype2"/>
					<Add directory="/home/watisdeze/Dev/Projects/Clones/ScMa_/src/shared/entities/.."/>
					<Add directory="/home/watisdeze/Dev/Projects/Clones/ScMa_/src/shared/entities/../../engine"/>
					<Add directory="/home/watisdeze/Dev/Projects/Clones/ScMa_/src/shared/entities/../../game"/>
					<Add directory="/home/watisdeze/Dev/Projects/Clones/ScMa_/src/shared/entities/../../game/entities"/>
					<Add directory="/home/watisdeze/Dev/Projects/Clones/ScMa_/src/shared/entities/entities"/>
					<Add directory="/home/watisdeze/Dev/Projects/Clones/ScMa_/src/enet/include"/>
					<Add directory="/usr/include/c++/7"/>
					<Add directory="/usr/include/x86_64-linux-gnu/c++/7"/>
					<Add directory="/usr/include/c++/7/backward"/>
					<Add directory="/usr/lib/gcc/x86_64-linux-gnu/7/include"/>
					<Add directory="/usr/local/include"/>
					<Add directory="/usr/lib/gcc/x86_64-linux-gnu/7/include-fixed"/>
					<Add directory="/usr/include/x86_64-linux-gnu"/>
					<Add directory="/usr/include"/>
				</Compiler>
				<MakeCommands>
					<Build command="/usr/bin/make -j2 -f &quot;/home/watisdeze/Dev/Projects/Clones/ScMa_/build-src-CMake-Default/shared/entities/Makefile&quot;  VERBOSE=1 SchizoMania_Shared_Entities"/>
					<CompileFile command="/usr/bin/make -j2 -f &quot;/home/watisdeze/Dev/Projects/Clones/ScMa_/build-src-CMake-Default/shared/entities/Makefile&quot;  VERBOSE=1 &quot;$file&quot;"/>
					<Clean command="/usr/bin/make -j2 -f &quot;/home/watisdeze/Dev/Projects/Clones/ScMa_/build-src-CMake-Default/shared/entities/Makefile&quot;  VERBOSE=1 clean"/>
					<DistClean command="/usr/bin/make -j2 -f &quot;/home/watisdeze/Dev/Projects/Clones/ScMa_/build-src-CMake-Default/shared/entities/Makefile&quot;  VERBOSE=1 clean"/>
				</MakeCommands>
			</Target>
			<Target title="SchizoMania_Shared_Entities/fast">
				<Option output="/home/watisdeze/Dev/Projects/Clones/ScMa_/build-src-CMake-Default/shared/entities/libSchizoMania_Shared_Entities.a" prefix_auto="0" extension_auto="0"/>
				<Option working_dir="/home/watisdeze/Dev/Projects/Clones/ScMa_/build-src-CMake-Default/shared/entities"/>
				<Option object_output="./"/>
				<Option type="2"/>
				<Option compiler="gcc"/>
				<Compiler>
					<Add option="-DGL_SILENCE_DEPRECATION"/>
					<Add directory="/home/watisdeze/Dev/Projects/Clones/ScMa_/src"/>
					<Add directory="/usr/include/SDL2"/>
					<Add directory="/usr/include/freetype2"/>
					<Add directory="/home/watisdeze/Dev/Projects/Clones/ScMa_/src/shared/entities/.."/>
					<Add directory="/home/watisdeze/Dev/Projects/Clones/ScMa_/src/shared/entities/../../engine"/>
					<Add directory="/home/watisdeze/Dev/Projects/Clones/ScMa_/src/shared/entities/../../game"/>
					<Add directory="/home/watisdeze/Dev/Projects/Clones/ScMa_/src/shared/entities/../../game/entities"/>
					<Add directory="/home/watisdeze/Dev/Projects/Clones/ScMa_/src/shared/entities/entities"/>
					<Add directory="/home/watisdeze/Dev/Projects/Clones/ScMa_/src/enet/include"/>
					<Add directory="/usr/include/c++/7"/>
					<Add directory="/usr/include/x86_64-linux-gnu/c++/7"/>
					<Add directory="/usr/include/c++/7/backward"/>
					<Add directory="/usr/lib/gcc/x86_64-linux-gnu/7/include"/>
					<Add directory="/usr/local/include"/>
					<Add directory="/usr/lib/gcc/x86_64-linux-gnu/7/include-fixed"/>
					<Add directory="/usr/include/x86_64-linux-gnu"/>
					<Add directory="/usr/include"/>
				</Compiler>
				<MakeCommands>
					<Build command="/usr/bin/make -j2 -f &quot;/home/watisdeze/Dev/Projects/Clones/ScMa_/build-src-CMake-Default/shared/entities/Makefile&quot;  VERBOSE=1 SchizoMania_Shared_Entities/fast"/>
					<CompileFile command="/usr/bin/make -j2 -f &quot;/home/watisdeze/Dev/Projects/Clones/ScMa_/build-src-CMake-Default/shared/entities/Makefile&quot;  VERBOSE=1 &quot;$file&quot;"/>
					<Clean command="/usr/bin/make -j2 -f &quot;/home/watisdeze/Dev/Projects/Clones/ScMa_/build-src-CMake-Default/shared/entities/Makefile&quot;  VERBOSE=1 clean"/>
					<DistClean command="/usr/bin/make -j2 -f &quot;/home/watisdeze/Dev/Projects/Clones/ScMa_/build-src-CMake-Default/shared/entities/Makefile&quot;  VERBOSE=1 clean"/>
				</MakeCommands>
			</Target>
		</Build>
		<Unit filename="/home/watisdeze/Dev/Projects/Clones/ScMa_/src/shared/command.h">
			<Option target="SchizoMania_Shared_Client"/>
		</Unit>
		<Unit filename="/home/watisdeze/Dev/Projects/Clones/ScMa_/src/shared/crypto.cpp">
			<Option target="SchizoMania_Shared_Client"/>
		</Unit>
		<Unit filename="/home/watisdeze/Dev/Projects/Clones/ScMa_/src/shared/cube.h">
			<Option target="SchizoMania_Shared_Client"/>
		</Unit>
		<Unit filename="/home/watisdeze/Dev/Projects/Clones/ScMa_/src/shared/entities/animinfo.h">
			<Option target="SchizoMania_Shared_Entities"/>
		</Unit>
		<Unit filename="/home/watisdeze/Dev/Projects/Clones/ScMa_/src/shared/entities/attributes.cpp">
			<Option target="SchizoMania_Shared_Entities"/>
		</Unit>
		<Unit filename="/home/watisdeze/Dev/Projects/Clones/ScMa_/src/shared/entities/attributes.h">
			<Option target="SchizoMania_Shared_Entities"/>
		</Unit>
		<Unit filename="/home/watisdeze/Dev/Projects/Clones/ScMa_/src/shared/entities/basedynamicentity.cpp">
			<Option target="SchizoMania_Shared_Entities"/>
		</Unit>
		<Unit filename="/home/watisdeze/Dev/Projects/Clones/ScMa_/src/shared/entities/basedynamicentity.h">
			<Option target="SchizoMania_Shared_Entities"/>
		</Unit>
		<Unit filename="/home/watisdeze/Dev/Projects/Clones/ScMa_/src/shared/entities/baseentity.cpp">
			<Option target="SchizoMania_Shared_Entities"/>
		</Unit>
		<Unit filename="/home/watisdeze/Dev/Projects/Clones/ScMa_/src/shared/entities/baseentity.h">
			<Option target="SchizoMania_Shared_Entities"/>
		</Unit>
		<Unit filename="/home/watisdeze/Dev/Projects/Clones/ScMa_/src/shared/entities/basephysicalentity.cpp">
			<Option target="SchizoMania_Shared_Entities"/>
		</Unit>
		<Unit filename="/home/watisdeze/Dev/Projects/Clones/ScMa_/src/shared/entities/basephysicalentity.h">
			<Option target="SchizoMania_Shared_Entities"/>
		</Unit>
		<Unit filename="/home/watisdeze/Dev/Projects/Clones/ScMa_/src/shared/ents.h">
			<Option target="SchizoMania_Shared_Client"/>
		</Unit>
		<Unit filename="/home/watisdeze/Dev/Projects/Clones/ScMa_/src/shared/geom.cpp">
			<Option target="SchizoMania_Shared_Client"/>
		</Unit>
		<Unit filename="/home/watisdeze/Dev/Projects/Clones/ScMa_/src/shared/geom.h">
			<Option target="SchizoMania_Shared_Client"/>
		</Unit>
		<Unit filename="/home/watisdeze/Dev/Projects/Clones/ScMa_/src/shared/glemu.cpp">
			<Option target="SchizoMania_Shared_Client"/>
		</Unit>
		<Unit filename="/home/watisdeze/Dev/Projects/Clones/ScMa_/src/shared/glemu.h">
			<Option target="SchizoMania_Shared_Client"/>
		</Unit>
		<Unit filename="/home/watisdeze/Dev/Projects/Clones/ScMa_/src/shared/glexts.h">
			<Option target="SchizoMania_Shared_Client"/>
		</Unit>
		<Unit filename="/home/watisdeze/Dev/Projects/Clones/ScMa_/src/shared/iengine.h">
			<Option target="SchizoMania_Shared_Client"/>
		</Unit>
		<Unit filename="/home/watisdeze/Dev/Projects/Clones/ScMa_/src/shared/igame.h">
			<Option target="SchizoMania_Shared_Client"/>
		</Unit>
		<Unit filename="/home/watisdeze/Dev/Projects/Clones/ScMa_/src/shared/pch.cpp">
			<Option target="SchizoMania_Shared_Client"/>
		</Unit>
		<Unit filename="/home/watisdeze/Dev/Projects/Clones/ScMa_/src/shared/stream.cpp">
			<Option target="SchizoMania_Shared_Client"/>
		</Unit>
		<Unit filename="/home/watisdeze/Dev/Projects/Clones/ScMa_/src/shared/tessfont.c">
			<Option target="SchizoMania_Shared_Client"/>
		</Unit>
		<Unit filename="/home/watisdeze/Dev/Projects/Clones/ScMa_/src/shared/tools.cpp">
			<Option target="SchizoMania_Shared_Client"/>
		</Unit>
		<Unit filename="/home/watisdeze/Dev/Projects/Clones/ScMa_/src/shared/tools.h">
			<Option target="SchizoMania_Shared_Client"/>
		</Unit>
		<Unit filename="/home/watisdeze/Dev/Projects/Clones/ScMa_/src/shared/zip.cpp">
			<Option target="SchizoMania_Shared_Client"/>
		</Unit>
		<Unit filename="/home/watisdeze/Dev/Projects/Clones/ScMa_/src/CMakeLists.txt">
			<Option virtualFolder="CMake Files\"/>
		</Unit>
		<Unit filename="/home/watisdeze/Dev/Projects/Clones/ScMa_/src/../cmake/FindSDL2.cmake">
			<Option virtualFolder="CMake Files\..\cmake\"/>
		</Unit>
		<Unit filename="/home/watisdeze/Dev/Projects/Clones/ScMa_/src/../cmake/FindSDL2_image.cmake">
			<Option virtualFolder="CMake Files\..\cmake\"/>
		</Unit>
		<Unit filename="/home/watisdeze/Dev/Projects/Clones/ScMa_/src/../cmake/FindSDL2_mixer.cmake">
			<Option virtualFolder="CMake Files\..\cmake\"/>
		</Unit>
		<Unit filename="/home/watisdeze/Dev/Projects/Clones/ScMa_/src/../cmake/FindWEBP.cmake">
			<Option virtualFolder="CMake Files\..\cmake\"/>
		</Unit>
		<Unit filename="/home/watisdeze/Dev/Projects/Clones/ScMa_/src/enet/CMakeLists.txt">
			<Option virtualFolder="CMake Files\enet\"/>
		</Unit>
		<Unit filename="/home/watisdeze/Dev/Projects/Clones/ScMa_/src/shared/CMakeLists.txt">
			<Option virtualFolder="CMake Files\shared\"/>
		</Unit>
		<Unit filename="/home/watisdeze/Dev/Projects/Clones/ScMa_/src/shared/entities/CMakeLists.txt">
			<Option virtualFolder="CMake Files\shared\entities\"/>
		</Unit>
		<Unit filename="/home/watisdeze/Dev/Projects/Clones/ScMa_/src/game/CMakeLists.txt">
			<Option virtualFolder="CMake Files\game\"/>
		</Unit>
		<Unit filename="/home/watisdeze/Dev/Projects/Clones/ScMa_/src/engine/CMakeLists.txt">
			<Option virtualFolder="CMake Files\engine\"/>
		</Unit>
	</Project>
</CodeBlocks_project_file>
