<?xml version="1.0" encoding="UTF-8"?>
<CodeBlocks_project_file>
	<FileVersion major="1" minor="6"/>
	<Project>
		<Option title="SchizoMania_Game"/>
		<Option makefile_is_custom="1"/>
		<Option compiler="gcc"/>
		<Option virtualFolders="CMake Files\;CMake Files\..\;CMake Files\..\cmake\;CMake Files\enet\;CMake Files\shared\;CMake Files\shared\entities\;CMake Files\game\;CMake Files\engine\;"/>
		<Build>
			<Target title="all">
				<Option working_dir="/home/watisdeze/Development/Projects/SchizoMania/Builds/Debug/game"/>
				<Option type="4"/>
				<MakeCommands>
					<Build command="/usr/bin/make -j4 -f &quot;/home/watisdeze/Development/Projects/SchizoMania/Builds/Debug/game/Makefile&quot;  VERBOSE=1 all"/>
					<CompileFile command="/usr/bin/make -j4 -f &quot;/home/watisdeze/Development/Projects/SchizoMania/Builds/Debug/game/Makefile&quot;  VERBOSE=1 &quot;$file&quot;"/>
					<Clean command="/usr/bin/make -j4 -f &quot;/home/watisdeze/Development/Projects/SchizoMania/Builds/Debug/game/Makefile&quot;  VERBOSE=1 clean"/>
					<DistClean command="/usr/bin/make -j4 -f &quot;/home/watisdeze/Development/Projects/SchizoMania/Builds/Debug/game/Makefile&quot;  VERBOSE=1 clean"/>
				</MakeCommands>
			</Target>
			<Target title="SchizoMania_Game_Client">
				<Option output="/home/watisdeze/Development/Projects/SchizoMania/Builds/Debug/game/libSchizoMania_Game_Client.a" prefix_auto="0" extension_auto="0"/>
				<Option working_dir="/home/watisdeze/Development/Projects/SchizoMania/Builds/Debug/game"/>
				<Option object_output="./"/>
				<Option type="2"/>
				<Option compiler="gcc"/>
				<Compiler>
					<Add option="-DGL_SILENCE_DEPRECATION"/>
					<Add directory="/home/watisdeze/Development/Projects/SchizoMania/Clones/ScMa/src/ext/json-develop/single_include"/>
					<Add directory="/home/watisdeze/Development/Projects/SchizoMania/Clones/ScMa/src"/>
					<Add directory="/home/watisdeze/Development/Projects/SchizoMania/Clones/ScMa/src/game/.."/>
					<Add directory="/home/watisdeze/Development/Projects/SchizoMania/Clones/ScMa/src/game/../engine"/>
					<Add directory="/home/watisdeze/Development/Projects/SchizoMania/Clones/ScMa/src/game/../game"/>
					<Add directory="/home/watisdeze/Development/Projects/SchizoMania/Clones/ScMa/src/game/../shared"/>
					<Add directory="/home/watisdeze/Development/Projects/SchizoMania/Clones/ScMa/src/game/../shared/entities"/>
					<Add directory="/home/watisdeze/Development/Projects/SchizoMania/Clones/ScMa/src/game/entities"/>
					<Add directory="/usr/include/SDL2"/>
					<Add directory="/usr/local/include/freetype2"/>
					<Add directory="/home/watisdeze/Development/Projects/SchizoMania/Clones/ScMa/src/enet/include"/>
					<Add directory="/usr/include/c++/7"/>
					<Add directory="/usr/include/x86_64-linux-gnu/c++/7"/>
					<Add directory="/usr/include/c++/7/backward"/>
					<Add directory="/usr/lib/gcc/x86_64-linux-gnu/7/include"/>
					<Add directory="/usr/local/include"/>
					<Add directory="/usr/lib/gcc/x86_64-linux-gnu/7/include-fixed"/>
					<Add directory="/usr/include/x86_64-linux-gnu"/>
					<Add directory="/usr/include"/>
				</Compiler>
				<MakeCommands>
					<Build command="/usr/bin/make -j4 -f &quot;/home/watisdeze/Development/Projects/SchizoMania/Builds/Debug/game/Makefile&quot;  VERBOSE=1 SchizoMania_Game_Client"/>
					<CompileFile command="/usr/bin/make -j4 -f &quot;/home/watisdeze/Development/Projects/SchizoMania/Builds/Debug/game/Makefile&quot;  VERBOSE=1 &quot;$file&quot;"/>
					<Clean command="/usr/bin/make -j4 -f &quot;/home/watisdeze/Development/Projects/SchizoMania/Builds/Debug/game/Makefile&quot;  VERBOSE=1 clean"/>
					<DistClean command="/usr/bin/make -j4 -f &quot;/home/watisdeze/Development/Projects/SchizoMania/Builds/Debug/game/Makefile&quot;  VERBOSE=1 clean"/>
				</MakeCommands>
			</Target>
			<Target title="SchizoMania_Game_Client/fast">
				<Option output="/home/watisdeze/Development/Projects/SchizoMania/Builds/Debug/game/libSchizoMania_Game_Client.a" prefix_auto="0" extension_auto="0"/>
				<Option working_dir="/home/watisdeze/Development/Projects/SchizoMania/Builds/Debug/game"/>
				<Option object_output="./"/>
				<Option type="2"/>
				<Option compiler="gcc"/>
				<Compiler>
					<Add option="-DGL_SILENCE_DEPRECATION"/>
					<Add directory="/home/watisdeze/Development/Projects/SchizoMania/Clones/ScMa/src/ext/json-develop/single_include"/>
					<Add directory="/home/watisdeze/Development/Projects/SchizoMania/Clones/ScMa/src"/>
					<Add directory="/home/watisdeze/Development/Projects/SchizoMania/Clones/ScMa/src/game/.."/>
					<Add directory="/home/watisdeze/Development/Projects/SchizoMania/Clones/ScMa/src/game/../engine"/>
					<Add directory="/home/watisdeze/Development/Projects/SchizoMania/Clones/ScMa/src/game/../game"/>
					<Add directory="/home/watisdeze/Development/Projects/SchizoMania/Clones/ScMa/src/game/../shared"/>
					<Add directory="/home/watisdeze/Development/Projects/SchizoMania/Clones/ScMa/src/game/../shared/entities"/>
					<Add directory="/home/watisdeze/Development/Projects/SchizoMania/Clones/ScMa/src/game/entities"/>
					<Add directory="/usr/include/SDL2"/>
					<Add directory="/usr/local/include/freetype2"/>
					<Add directory="/home/watisdeze/Development/Projects/SchizoMania/Clones/ScMa/src/enet/include"/>
					<Add directory="/usr/include/c++/7"/>
					<Add directory="/usr/include/x86_64-linux-gnu/c++/7"/>
					<Add directory="/usr/include/c++/7/backward"/>
					<Add directory="/usr/lib/gcc/x86_64-linux-gnu/7/include"/>
					<Add directory="/usr/local/include"/>
					<Add directory="/usr/lib/gcc/x86_64-linux-gnu/7/include-fixed"/>
					<Add directory="/usr/include/x86_64-linux-gnu"/>
					<Add directory="/usr/include"/>
				</Compiler>
				<MakeCommands>
					<Build command="/usr/bin/make -j4 -f &quot;/home/watisdeze/Development/Projects/SchizoMania/Builds/Debug/game/Makefile&quot;  VERBOSE=1 SchizoMania_Game_Client/fast"/>
					<CompileFile command="/usr/bin/make -j4 -f &quot;/home/watisdeze/Development/Projects/SchizoMania/Builds/Debug/game/Makefile&quot;  VERBOSE=1 &quot;$file&quot;"/>
					<Clean command="/usr/bin/make -j4 -f &quot;/home/watisdeze/Development/Projects/SchizoMania/Builds/Debug/game/Makefile&quot;  VERBOSE=1 clean"/>
					<DistClean command="/usr/bin/make -j4 -f &quot;/home/watisdeze/Development/Projects/SchizoMania/Builds/Debug/game/Makefile&quot;  VERBOSE=1 clean"/>
				</MakeCommands>
			</Target>
		</Build>
		<Unit filename="/home/watisdeze/Development/Projects/SchizoMania/Clones/ScMa/src/game/commands.cpp">
			<Option target="SchizoMania_Game_Client"/>
		</Unit>
		<Unit filename="/home/watisdeze/Development/Projects/SchizoMania/Clones/ScMa/src/game/entities.cpp">
			<Option target="SchizoMania_Game_Client"/>
		</Unit>
		<Unit filename="/home/watisdeze/Development/Projects/SchizoMania/Clones/ScMa/src/game/entities.h">
			<Option target="SchizoMania_Game_Client"/>
		</Unit>
		<Unit filename="/home/watisdeze/Development/Projects/SchizoMania/Clones/ScMa/src/game/entities/basemapmodel.cpp">
			<Option target="SchizoMania_Game_Client"/>
		</Unit>
		<Unit filename="/home/watisdeze/Development/Projects/SchizoMania/Clones/ScMa/src/game/entities/basemapmodel.h">
			<Option target="SchizoMania_Game_Client"/>
		</Unit>
		<Unit filename="/home/watisdeze/Development/Projects/SchizoMania/Clones/ScMa/src/game/entities/basemonster.cpp">
			<Option target="SchizoMania_Game_Client"/>
		</Unit>
		<Unit filename="/home/watisdeze/Development/Projects/SchizoMania/Clones/ScMa/src/game/entities/basemonster.h">
			<Option target="SchizoMania_Game_Client"/>
		</Unit>
		<Unit filename="/home/watisdeze/Development/Projects/SchizoMania/Clones/ScMa/src/game/entities/door.cpp">
			<Option target="SchizoMania_Game_Client"/>
		</Unit>
		<Unit filename="/home/watisdeze/Development/Projects/SchizoMania/Clones/ScMa/src/game/entities/door.h">
			<Option target="SchizoMania_Game_Client"/>
		</Unit>
		<Unit filename="/home/watisdeze/Development/Projects/SchizoMania/Clones/ScMa/src/game/entities/dynamiclight.cpp">
			<Option target="SchizoMania_Game_Client"/>
		</Unit>
		<Unit filename="/home/watisdeze/Development/Projects/SchizoMania/Clones/ScMa/src/game/entities/dynamiclight.h">
			<Option target="SchizoMania_Game_Client"/>
		</Unit>
		<Unit filename="/home/watisdeze/Development/Projects/SchizoMania/Clones/ScMa/src/game/entities/player.cpp">
			<Option target="SchizoMania_Game_Client"/>
		</Unit>
		<Unit filename="/home/watisdeze/Development/Projects/SchizoMania/Clones/ScMa/src/game/entities/player.h">
			<Option target="SchizoMania_Game_Client"/>
		</Unit>
		<Unit filename="/home/watisdeze/Development/Projects/SchizoMania/Clones/ScMa/src/game/entities/playerstart.cpp">
			<Option target="SchizoMania_Game_Client"/>
		</Unit>
		<Unit filename="/home/watisdeze/Development/Projects/SchizoMania/Clones/ScMa/src/game/entities/playerstart.h">
			<Option target="SchizoMania_Game_Client"/>
		</Unit>
		<Unit filename="/home/watisdeze/Development/Projects/SchizoMania/Clones/ScMa/src/game/game.cpp">
			<Option target="SchizoMania_Game_Client"/>
		</Unit>
		<Unit filename="/home/watisdeze/Development/Projects/SchizoMania/Clones/ScMa/src/game/game.h">
			<Option target="SchizoMania_Game_Client"/>
		</Unit>
		<Unit filename="/home/watisdeze/Development/Projects/SchizoMania/Clones/ScMa/src/game/render.cpp">
			<Option target="SchizoMania_Game_Client"/>
		</Unit>
		<Unit filename="/home/watisdeze/Development/Projects/SchizoMania/Clones/ScMa/src/game/server.cpp">
			<Option target="SchizoMania_Game_Client"/>
		</Unit>
		<Unit filename="/home/watisdeze/Development/Projects/SchizoMania/Clones/ScMa/src/game/server.h">
			<Option target="SchizoMania_Game_Client"/>
		</Unit>
		<Unit filename="/home/watisdeze/Development/Projects/SchizoMania/Clones/ScMa/src/CMakeLists.txt">
			<Option virtualFolder="CMake Files\"/>
		</Unit>
		<Unit filename="/home/watisdeze/Development/Projects/SchizoMania/Clones/ScMa/src/../cmake/FindSDL2.cmake">
			<Option virtualFolder="CMake Files\..\cmake\"/>
		</Unit>
		<Unit filename="/home/watisdeze/Development/Projects/SchizoMania/Clones/ScMa/src/../cmake/FindSDL2_image.cmake">
			<Option virtualFolder="CMake Files\..\cmake\"/>
		</Unit>
		<Unit filename="/home/watisdeze/Development/Projects/SchizoMania/Clones/ScMa/src/../cmake/FindSDL2_mixer.cmake">
			<Option virtualFolder="CMake Files\..\cmake\"/>
		</Unit>
		<Unit filename="/home/watisdeze/Development/Projects/SchizoMania/Clones/ScMa/src/../cmake/FindWEBP.cmake">
			<Option virtualFolder="CMake Files\..\cmake\"/>
		</Unit>
		<Unit filename="/home/watisdeze/Development/Projects/SchizoMania/Clones/ScMa/src/enet/CMakeLists.txt">
			<Option virtualFolder="CMake Files\enet\"/>
		</Unit>
		<Unit filename="/home/watisdeze/Development/Projects/SchizoMania/Clones/ScMa/src/shared/CMakeLists.txt">
			<Option virtualFolder="CMake Files\shared\"/>
		</Unit>
		<Unit filename="/home/watisdeze/Development/Projects/SchizoMania/Clones/ScMa/src/shared/entities/CMakeLists.txt">
			<Option virtualFolder="CMake Files\shared\entities\"/>
		</Unit>
		<Unit filename="/home/watisdeze/Development/Projects/SchizoMania/Clones/ScMa/src/game/CMakeLists.txt">
			<Option virtualFolder="CMake Files\game\"/>
		</Unit>
		<Unit filename="/home/watisdeze/Development/Projects/SchizoMania/Clones/ScMa/src/engine/CMakeLists.txt">
			<Option virtualFolder="CMake Files\engine\"/>
		</Unit>
	</Project>
</CodeBlocks_project_file>
