<?xml version="1.0" encoding="UTF-8"?>
<CodeBlocks_project_file>
	<FileVersion major="1" minor="6"/>
	<Project>
		<Option title="SchizoMania_Engine"/>
		<Option makefile_is_custom="1"/>
		<Option compiler="gcc"/>
		<Option virtualFolders="CMake Files\;CMake Files\..\;CMake Files\..\cmake\;CMake Files\enet\;CMake Files\shared\;CMake Files\shared\entities\;CMake Files\game\;CMake Files\engine\;"/>
		<Build>
			<Target title="all">
				<Option working_dir="/home/watisdeze/Dev/Projects/Clones/ScMa_/build-src-CMake-Default/engine"/>
				<Option type="4"/>
				<MakeCommands>
					<Build command="/usr/bin/make -j2 -f &quot;/home/watisdeze/Dev/Projects/Clones/ScMa_/build-src-CMake-Default/engine/Makefile&quot;  VERBOSE=1 all"/>
					<CompileFile command="/usr/bin/make -j2 -f &quot;/home/watisdeze/Dev/Projects/Clones/ScMa_/build-src-CMake-Default/engine/Makefile&quot;  VERBOSE=1 &quot;$file&quot;"/>
					<Clean command="/usr/bin/make -j2 -f &quot;/home/watisdeze/Dev/Projects/Clones/ScMa_/build-src-CMake-Default/engine/Makefile&quot;  VERBOSE=1 clean"/>
					<DistClean command="/usr/bin/make -j2 -f &quot;/home/watisdeze/Dev/Projects/Clones/ScMa_/build-src-CMake-Default/engine/Makefile&quot;  VERBOSE=1 clean"/>
				</MakeCommands>
			</Target>
			<Target title="SchizoMania_Engine_Client">
				<Option output="/home/watisdeze/Dev/Projects/Clones/ScMa_/build-src-CMake-Default/engine/libSchizoMania_Engine_Client.a" prefix_auto="0" extension_auto="0"/>
				<Option working_dir="/home/watisdeze/Dev/Projects/Clones/ScMa_/build-src-CMake-Default/engine"/>
				<Option object_output="./"/>
				<Option type="2"/>
				<Option compiler="gcc"/>
				<Compiler>
					<Add option="-DGL_SILENCE_DEPRECATION"/>
					<Add directory="/home/watisdeze/Dev/Projects/Clones/ScMa_/src"/>
					<Add directory="/home/watisdeze/Dev/Projects/Clones/ScMa_/src/engine/../shared"/>
					<Add directory="/usr/include/SDL2"/>
					<Add directory="/usr/include/freetype2"/>
					<Add directory="/home/watisdeze/Dev/Projects/Clones/ScMa_/src/enet/include"/>
					<Add directory="/usr/include/c++/7"/>
					<Add directory="/usr/include/x86_64-linux-gnu/c++/7"/>
					<Add directory="/usr/include/c++/7/backward"/>
					<Add directory="/usr/lib/gcc/x86_64-linux-gnu/7/include"/>
					<Add directory="/usr/local/include"/>
					<Add directory="/usr/lib/gcc/x86_64-linux-gnu/7/include-fixed"/>
					<Add directory="/usr/include/x86_64-linux-gnu"/>
					<Add directory="/usr/include"/>
				</Compiler>
				<MakeCommands>
					<Build command="/usr/bin/make -j2 -f &quot;/home/watisdeze/Dev/Projects/Clones/ScMa_/build-src-CMake-Default/engine/Makefile&quot;  VERBOSE=1 SchizoMania_Engine_Client"/>
					<CompileFile command="/usr/bin/make -j2 -f &quot;/home/watisdeze/Dev/Projects/Clones/ScMa_/build-src-CMake-Default/engine/Makefile&quot;  VERBOSE=1 &quot;$file&quot;"/>
					<Clean command="/usr/bin/make -j2 -f &quot;/home/watisdeze/Dev/Projects/Clones/ScMa_/build-src-CMake-Default/engine/Makefile&quot;  VERBOSE=1 clean"/>
					<DistClean command="/usr/bin/make -j2 -f &quot;/home/watisdeze/Dev/Projects/Clones/ScMa_/build-src-CMake-Default/engine/Makefile&quot;  VERBOSE=1 clean"/>
				</MakeCommands>
			</Target>
			<Target title="SchizoMania_Engine_Client/fast">
				<Option output="/home/watisdeze/Dev/Projects/Clones/ScMa_/build-src-CMake-Default/engine/libSchizoMania_Engine_Client.a" prefix_auto="0" extension_auto="0"/>
				<Option working_dir="/home/watisdeze/Dev/Projects/Clones/ScMa_/build-src-CMake-Default/engine"/>
				<Option object_output="./"/>
				<Option type="2"/>
				<Option compiler="gcc"/>
				<Compiler>
					<Add option="-DGL_SILENCE_DEPRECATION"/>
					<Add directory="/home/watisdeze/Dev/Projects/Clones/ScMa_/src"/>
					<Add directory="/home/watisdeze/Dev/Projects/Clones/ScMa_/src/engine/../shared"/>
					<Add directory="/usr/include/SDL2"/>
					<Add directory="/usr/include/freetype2"/>
					<Add directory="/home/watisdeze/Dev/Projects/Clones/ScMa_/src/enet/include"/>
					<Add directory="/usr/include/c++/7"/>
					<Add directory="/usr/include/x86_64-linux-gnu/c++/7"/>
					<Add directory="/usr/include/c++/7/backward"/>
					<Add directory="/usr/lib/gcc/x86_64-linux-gnu/7/include"/>
					<Add directory="/usr/local/include"/>
					<Add directory="/usr/lib/gcc/x86_64-linux-gnu/7/include-fixed"/>
					<Add directory="/usr/include/x86_64-linux-gnu"/>
					<Add directory="/usr/include"/>
				</Compiler>
				<MakeCommands>
					<Build command="/usr/bin/make -j2 -f &quot;/home/watisdeze/Dev/Projects/Clones/ScMa_/build-src-CMake-Default/engine/Makefile&quot;  VERBOSE=1 SchizoMania_Engine_Client/fast"/>
					<CompileFile command="/usr/bin/make -j2 -f &quot;/home/watisdeze/Dev/Projects/Clones/ScMa_/build-src-CMake-Default/engine/Makefile&quot;  VERBOSE=1 &quot;$file&quot;"/>
					<Clean command="/usr/bin/make -j2 -f &quot;/home/watisdeze/Dev/Projects/Clones/ScMa_/build-src-CMake-Default/engine/Makefile&quot;  VERBOSE=1 clean"/>
					<DistClean command="/usr/bin/make -j2 -f &quot;/home/watisdeze/Dev/Projects/Clones/ScMa_/build-src-CMake-Default/engine/Makefile&quot;  VERBOSE=1 clean"/>
				</MakeCommands>
			</Target>
		</Build>
		<Unit filename="/home/watisdeze/Dev/Projects/Clones/ScMa_/src/engine/aa.cpp">
			<Option target="SchizoMania_Engine_Client"/>
		</Unit>
		<Unit filename="/home/watisdeze/Dev/Projects/Clones/ScMa_/src/engine/animmodel.h">
			<Option target="SchizoMania_Engine_Client"/>
		</Unit>
		<Unit filename="/home/watisdeze/Dev/Projects/Clones/ScMa_/src/engine/bih.cpp">
			<Option target="SchizoMania_Engine_Client"/>
		</Unit>
		<Unit filename="/home/watisdeze/Dev/Projects/Clones/ScMa_/src/engine/bih.h">
			<Option target="SchizoMania_Engine_Client"/>
		</Unit>
		<Unit filename="/home/watisdeze/Dev/Projects/Clones/ScMa_/src/engine/blend.cpp">
			<Option target="SchizoMania_Engine_Client"/>
		</Unit>
		<Unit filename="/home/watisdeze/Dev/Projects/Clones/ScMa_/src/engine/client.cpp">
			<Option target="SchizoMania_Engine_Client"/>
		</Unit>
		<Unit filename="/home/watisdeze/Dev/Projects/Clones/ScMa_/src/engine/command.cpp">
			<Option target="SchizoMania_Engine_Client"/>
		</Unit>
		<Unit filename="/home/watisdeze/Dev/Projects/Clones/ScMa_/src/engine/console.cpp">
			<Option target="SchizoMania_Engine_Client"/>
		</Unit>
		<Unit filename="/home/watisdeze/Dev/Projects/Clones/ScMa_/src/engine/dynlight.cpp">
			<Option target="SchizoMania_Engine_Client"/>
		</Unit>
		<Unit filename="/home/watisdeze/Dev/Projects/Clones/ScMa_/src/engine/engine.h">
			<Option target="SchizoMania_Engine_Client"/>
		</Unit>
		<Unit filename="/home/watisdeze/Dev/Projects/Clones/ScMa_/src/engine/explosion.h">
			<Option target="SchizoMania_Engine_Client"/>
		</Unit>
		<Unit filename="/home/watisdeze/Dev/Projects/Clones/ScMa_/src/engine/grass.cpp">
			<Option target="SchizoMania_Engine_Client"/>
		</Unit>
		<Unit filename="/home/watisdeze/Dev/Projects/Clones/ScMa_/src/engine/help.cpp">
			<Option target="SchizoMania_Engine_Client"/>
		</Unit>
		<Unit filename="/home/watisdeze/Dev/Projects/Clones/ScMa_/src/engine/help.h">
			<Option target="SchizoMania_Engine_Client"/>
		</Unit>
		<Unit filename="/home/watisdeze/Dev/Projects/Clones/ScMa_/src/engine/hitzone.h">
			<Option target="SchizoMania_Engine_Client"/>
		</Unit>
		<Unit filename="/home/watisdeze/Dev/Projects/Clones/ScMa_/src/engine/iqm.h">
			<Option target="SchizoMania_Engine_Client"/>
		</Unit>
		<Unit filename="/home/watisdeze/Dev/Projects/Clones/ScMa_/src/engine/lensflare.h">
			<Option target="SchizoMania_Engine_Client"/>
		</Unit>
		<Unit filename="/home/watisdeze/Dev/Projects/Clones/ScMa_/src/engine/light.cpp">
			<Option target="SchizoMania_Engine_Client"/>
		</Unit>
		<Unit filename="/home/watisdeze/Dev/Projects/Clones/ScMa_/src/engine/light.h">
			<Option target="SchizoMania_Engine_Client"/>
		</Unit>
		<Unit filename="/home/watisdeze/Dev/Projects/Clones/ScMa_/src/engine/lightning.h">
			<Option target="SchizoMania_Engine_Client"/>
		</Unit>
		<Unit filename="/home/watisdeze/Dev/Projects/Clones/ScMa_/src/engine/master.cpp">
			<Option target="SchizoMania_Engine_Client"/>
		</Unit>
		<Unit filename="/home/watisdeze/Dev/Projects/Clones/ScMa_/src/engine/material.cpp">
			<Option target="SchizoMania_Engine_Client"/>
		</Unit>
		<Unit filename="/home/watisdeze/Dev/Projects/Clones/ScMa_/src/engine/md2.h">
			<Option target="SchizoMania_Engine_Client"/>
		</Unit>
		<Unit filename="/home/watisdeze/Dev/Projects/Clones/ScMa_/src/engine/md3.h">
			<Option target="SchizoMania_Engine_Client"/>
		</Unit>
		<Unit filename="/home/watisdeze/Dev/Projects/Clones/ScMa_/src/engine/md5.h">
			<Option target="SchizoMania_Engine_Client"/>
		</Unit>
		<Unit filename="/home/watisdeze/Dev/Projects/Clones/ScMa_/src/engine/menus.cpp">
			<Option target="SchizoMania_Engine_Client"/>
		</Unit>
		<Unit filename="/home/watisdeze/Dev/Projects/Clones/ScMa_/src/engine/model.h">
			<Option target="SchizoMania_Engine_Client"/>
		</Unit>
		<Unit filename="/home/watisdeze/Dev/Projects/Clones/ScMa_/src/engine/movie.cpp">
			<Option target="SchizoMania_Engine_Client"/>
		</Unit>
		<Unit filename="/home/watisdeze/Dev/Projects/Clones/ScMa_/src/engine/mpr.h">
			<Option target="SchizoMania_Engine_Client"/>
		</Unit>
		<Unit filename="/home/watisdeze/Dev/Projects/Clones/ScMa_/src/engine/normal.cpp">
			<Option target="SchizoMania_Engine_Client"/>
		</Unit>
		<Unit filename="/home/watisdeze/Dev/Projects/Clones/ScMa_/src/engine/obj.h">
			<Option target="SchizoMania_Engine_Client"/>
		</Unit>
		<Unit filename="/home/watisdeze/Dev/Projects/Clones/ScMa_/src/engine/octa.cpp">
			<Option target="SchizoMania_Engine_Client"/>
		</Unit>
		<Unit filename="/home/watisdeze/Dev/Projects/Clones/ScMa_/src/engine/octa.h">
			<Option target="SchizoMania_Engine_Client"/>
		</Unit>
		<Unit filename="/home/watisdeze/Dev/Projects/Clones/ScMa_/src/engine/octaedit.cpp">
			<Option target="SchizoMania_Engine_Client"/>
		</Unit>
		<Unit filename="/home/watisdeze/Dev/Projects/Clones/ScMa_/src/engine/octarender.cpp">
			<Option target="SchizoMania_Engine_Client"/>
		</Unit>
		<Unit filename="/home/watisdeze/Dev/Projects/Clones/ScMa_/src/engine/pch.cpp">
			<Option target="SchizoMania_Engine_Client"/>
		</Unit>
		<Unit filename="/home/watisdeze/Dev/Projects/Clones/ScMa_/src/engine/physics.cpp">
			<Option target="SchizoMania_Engine_Client"/>
		</Unit>
		<Unit filename="/home/watisdeze/Dev/Projects/Clones/ScMa_/src/engine/pvs.cpp">
			<Option target="SchizoMania_Engine_Client"/>
		</Unit>
		<Unit filename="/home/watisdeze/Dev/Projects/Clones/ScMa_/src/engine/ragdoll.h">
			<Option target="SchizoMania_Engine_Client"/>
		</Unit>
		<Unit filename="/home/watisdeze/Dev/Projects/Clones/ScMa_/src/engine/rendergl.cpp">
			<Option target="SchizoMania_Engine_Client"/>
		</Unit>
		<Unit filename="/home/watisdeze/Dev/Projects/Clones/ScMa_/src/engine/renderlights.cpp">
			<Option target="SchizoMania_Engine_Client"/>
		</Unit>
		<Unit filename="/home/watisdeze/Dev/Projects/Clones/ScMa_/src/engine/rendermodel.cpp">
			<Option target="SchizoMania_Engine_Client"/>
		</Unit>
		<Unit filename="/home/watisdeze/Dev/Projects/Clones/ScMa_/src/engine/renderparticles.cpp">
			<Option target="SchizoMania_Engine_Client"/>
		</Unit>
		<Unit filename="/home/watisdeze/Dev/Projects/Clones/ScMa_/src/engine/rendersky.cpp">
			<Option target="SchizoMania_Engine_Client"/>
		</Unit>
		<Unit filename="/home/watisdeze/Dev/Projects/Clones/ScMa_/src/engine/rendertext.cpp">
			<Option target="SchizoMania_Engine_Client"/>
		</Unit>
		<Unit filename="/home/watisdeze/Dev/Projects/Clones/ScMa_/src/engine/renderva.cpp">
			<Option target="SchizoMania_Engine_Client"/>
		</Unit>
		<Unit filename="/home/watisdeze/Dev/Projects/Clones/ScMa_/src/engine/server.cpp">
			<Option target="SchizoMania_Engine_Client"/>
		</Unit>
		<Unit filename="/home/watisdeze/Dev/Projects/Clones/ScMa_/src/engine/serverbrowser.cpp">
			<Option target="SchizoMania_Engine_Client"/>
		</Unit>
		<Unit filename="/home/watisdeze/Dev/Projects/Clones/ScMa_/src/engine/shader.cpp">
			<Option target="SchizoMania_Engine_Client"/>
		</Unit>
		<Unit filename="/home/watisdeze/Dev/Projects/Clones/ScMa_/src/engine/skelmodel.h">
			<Option target="SchizoMania_Engine_Client"/>
		</Unit>
		<Unit filename="/home/watisdeze/Dev/Projects/Clones/ScMa_/src/engine/smd.h">
			<Option target="SchizoMania_Engine_Client"/>
		</Unit>
		<Unit filename="/home/watisdeze/Dev/Projects/Clones/ScMa_/src/engine/sound.cpp">
			<Option target="SchizoMania_Engine_Client"/>
		</Unit>
		<Unit filename="/home/watisdeze/Dev/Projects/Clones/ScMa_/src/engine/stain.cpp">
			<Option target="SchizoMania_Engine_Client"/>
		</Unit>
		<Unit filename="/home/watisdeze/Dev/Projects/Clones/ScMa_/src/engine/textedit.h">
			<Option target="SchizoMania_Engine_Client"/>
		</Unit>
		<Unit filename="/home/watisdeze/Dev/Projects/Clones/ScMa_/src/engine/texture.cpp">
			<Option target="SchizoMania_Engine_Client"/>
		</Unit>
		<Unit filename="/home/watisdeze/Dev/Projects/Clones/ScMa_/src/engine/texture.h">
			<Option target="SchizoMania_Engine_Client"/>
		</Unit>
		<Unit filename="/home/watisdeze/Dev/Projects/Clones/ScMa_/src/engine/ui.cpp">
			<Option target="SchizoMania_Engine_Client"/>
		</Unit>
		<Unit filename="/home/watisdeze/Dev/Projects/Clones/ScMa_/src/engine/vertmodel.h">
			<Option target="SchizoMania_Engine_Client"/>
		</Unit>
		<Unit filename="/home/watisdeze/Dev/Projects/Clones/ScMa_/src/engine/water.cpp">
			<Option target="SchizoMania_Engine_Client"/>
		</Unit>
		<Unit filename="/home/watisdeze/Dev/Projects/Clones/ScMa_/src/engine/world.cpp">
			<Option target="SchizoMania_Engine_Client"/>
		</Unit>
		<Unit filename="/home/watisdeze/Dev/Projects/Clones/ScMa_/src/engine/world.h">
			<Option target="SchizoMania_Engine_Client"/>
		</Unit>
		<Unit filename="/home/watisdeze/Dev/Projects/Clones/ScMa_/src/engine/worldio.cpp">
			<Option target="SchizoMania_Engine_Client"/>
		</Unit>
		<Unit filename="/home/watisdeze/Dev/Projects/Clones/ScMa_/src/CMakeLists.txt">
			<Option virtualFolder="CMake Files\"/>
		</Unit>
		<Unit filename="/home/watisdeze/Dev/Projects/Clones/ScMa_/src/../cmake/FindSDL2.cmake">
			<Option virtualFolder="CMake Files\..\cmake\"/>
		</Unit>
		<Unit filename="/home/watisdeze/Dev/Projects/Clones/ScMa_/src/../cmake/FindSDL2_image.cmake">
			<Option virtualFolder="CMake Files\..\cmake\"/>
		</Unit>
		<Unit filename="/home/watisdeze/Dev/Projects/Clones/ScMa_/src/../cmake/FindSDL2_mixer.cmake">
			<Option virtualFolder="CMake Files\..\cmake\"/>
		</Unit>
		<Unit filename="/home/watisdeze/Dev/Projects/Clones/ScMa_/src/../cmake/FindWEBP.cmake">
			<Option virtualFolder="CMake Files\..\cmake\"/>
		</Unit>
		<Unit filename="/home/watisdeze/Dev/Projects/Clones/ScMa_/src/enet/CMakeLists.txt">
			<Option virtualFolder="CMake Files\enet\"/>
		</Unit>
		<Unit filename="/home/watisdeze/Dev/Projects/Clones/ScMa_/src/shared/CMakeLists.txt">
			<Option virtualFolder="CMake Files\shared\"/>
		</Unit>
		<Unit filename="/home/watisdeze/Dev/Projects/Clones/ScMa_/src/shared/entities/CMakeLists.txt">
			<Option virtualFolder="CMake Files\shared\entities\"/>
		</Unit>
		<Unit filename="/home/watisdeze/Dev/Projects/Clones/ScMa_/src/game/CMakeLists.txt">
			<Option virtualFolder="CMake Files\game\"/>
		</Unit>
		<Unit filename="/home/watisdeze/Dev/Projects/Clones/ScMa_/src/engine/CMakeLists.txt">
			<Option virtualFolder="CMake Files\engine\"/>
		</Unit>
	</Project>
</CodeBlocks_project_file>
